// !$*UTF8*$!
{
	archiveVersion = 1;
	classes = {
	};
	objectVersion = 56;
	objects = {

/* Begin PBXBuildFile section */
		B03E9F2B2960B2B400D4EA03 /* AppDelegate.swift in Sources */ = {isa = PBXBuildFile; fileRef = B03E9F2A2960B2B400D4EA03 /* AppDelegate.swift */; };
		B03E9F2D2960B2B400D4EA03 /* SceneDelegate.swift in Sources */ = {isa = PBXBuildFile; fileRef = B03E9F2C2960B2B400D4EA03 /* SceneDelegate.swift */; };
		B03E9F2F2960B2B400D4EA03 /* GameVC.swift in Sources */ = {isa = PBXBuildFile; fileRef = B03E9F2E2960B2B400D4EA03 /* GameVC.swift */; };
		B03E9F342960B2B600D4EA03 /* Assets.xcassets in Resources */ = {isa = PBXBuildFile; fileRef = B03E9F332960B2B600D4EA03 /* Assets.xcassets */; };
		B03E9F372960B2B600D4EA03 /* LaunchScreen.storyboard in Resources */ = {isa = PBXBuildFile; fileRef = B03E9F352960B2B600D4EA03 /* LaunchScreen.storyboard */; };
		B04B07412962142100528170 /* GameScene.swift in Sources */ = {isa = PBXBuildFile; fileRef = B04B07402962142100528170 /* GameScene.swift */; };
		B051A9BC29624F350071FB6E /* FireParticle.sks in Resources */ = {isa = PBXBuildFile; fileRef = B051A9BB29624F350071FB6E /* FireParticle.sks */; };
		B051A9BE2963D9ED0071FB6E /* CustomNode.swift in Sources */ = {isa = PBXBuildFile; fileRef = B051A9BD2963D9ED0071FB6E /* CustomNode.swift */; };
		B051A9C02963DA360071FB6E /* CustomScene.swift in Sources */ = {isa = PBXBuildFile; fileRef = B051A9BF2963DA360071FB6E /* CustomScene.swift */; };
		B051A9C22963F1030071FB6E /* NodeCreatingManager.swift in Sources */ = {isa = PBXBuildFile; fileRef = B051A9C12963F1030071FB6E /* NodeCreatingManager.swift */; };
		B06E60C6296424240083471C /* RedBullParticle.sks in Resources */ = {isa = PBXBuildFile; fileRef = B06E60C4296424240083471C /* RedBullParticle.sks */; };
		B06E60C7296424240083471C /* Assets.xcassets in Resources */ = {isa = PBXBuildFile; fileRef = B06E60C5296424240083471C /* Assets.xcassets */; };
		B06E60CE2964260D0083471C /* Assets.xcassets in Resources */ = {isa = PBXBuildFile; fileRef = B06E60CC2964260D0083471C /* Assets.xcassets */; };
		B06E60D229642B550083471C /* MagicParticle.sks in Resources */ = {isa = PBXBuildFile; fileRef = B06E60D129642B550083471C /* MagicParticle.sks */; };
		B06E60D8296447380083471C /* FlorParticle.sks in Resources */ = {isa = PBXBuildFile; fileRef = B06E60D7296447380083471C /* FlorParticle.sks */; };
		B0FDFAD929622FDF0093E1EE /* SkyParticle.sks in Resources */ = {isa = PBXBuildFile; fileRef = B0FDFAD829622FDF0093E1EE /* SkyParticle.sks */; };
/* End PBXBuildFile section */

/* Begin PBXFileReference section */
		B03E9F272960B2B400D4EA03 /* HomeworkGame.app */ = {isa = PBXFileReference; explicitFileType = wrapper.application; includeInIndex = 0; path = HomeworkGame.app; sourceTree = BUILT_PRODUCTS_DIR; };
		B03E9F2A2960B2B400D4EA03 /* AppDelegate.swift */ = {isa = PBXFileReference; lastKnownFileType = sourcecode.swift; path = AppDelegate.swift; sourceTree = "<group>"; };
		B03E9F2C2960B2B400D4EA03 /* SceneDelegate.swift */ = {isa = PBXFileReference; lastKnownFileType = sourcecode.swift; path = SceneDelegate.swift; sourceTree = "<group>"; };
		B03E9F2E2960B2B400D4EA03 /* GameVC.swift */ = {isa = PBXFileReference; lastKnownFileType = sourcecode.swift; path = GameVC.swift; sourceTree = "<group>"; };
		B03E9F332960B2B600D4EA03 /* Assets.xcassets */ = {isa = PBXFileReference; lastKnownFileType = folder.assetcatalog; path = Assets.xcassets; sourceTree = "<group>"; };
		B03E9F362960B2B600D4EA03 /* Base */ = {isa = PBXFileReference; lastKnownFileType = file.storyboard; name = Base; path = Base.lproj/LaunchScreen.storyboard; sourceTree = "<group>"; };
		B03E9F382960B2B600D4EA03 /* Info.plist */ = {isa = PBXFileReference; lastKnownFileType = text.plist.xml; path = Info.plist; sourceTree = "<group>"; };
		B04B07402962142100528170 /* GameScene.swift */ = {isa = PBXFileReference; lastKnownFileType = sourcecode.swift; path = GameScene.swift; sourceTree = "<group>"; };
		B051A9BB29624F350071FB6E /* FireParticle.sks */ = {isa = PBXFileReference; lastKnownFileType = file.sks; path = FireParticle.sks; sourceTree = "<group>"; };
		B051A9BD2963D9ED0071FB6E /* CustomNode.swift */ = {isa = PBXFileReference; lastKnownFileType = sourcecode.swift; path = CustomNode.swift; sourceTree = "<group>"; };
		B051A9BF2963DA360071FB6E /* CustomScene.swift */ = {isa = PBXFileReference; lastKnownFileType = sourcecode.swift; path = CustomScene.swift; sourceTree = "<group>"; };
		B051A9C12963F1030071FB6E /* NodeCreatingManager.swift */ = {isa = PBXFileReference; lastKnownFileType = sourcecode.swift; path = NodeCreatingManager.swift; sourceTree = "<group>"; };
		B06E60C4296424240083471C /* RedBullParticle.sks */ = {isa = PBXFileReference; lastKnownFileType = file.sks; path = RedBullParticle.sks; sourceTree = "<group>"; };
		B06E60C5296424240083471C /* Assets.xcassets */ = {isa = PBXFileReference; lastKnownFileType = folder.assetcatalog; path = Assets.xcassets; sourceTree = "<group>"; };
		B06E60CC2964260D0083471C /* Assets.xcassets */ = {isa = PBXFileReference; lastKnownFileType = folder.assetcatalog; path = Assets.xcassets; sourceTree = "<group>"; };
		B06E60D129642B550083471C /* MagicParticle.sks */ = {isa = PBXFileReference; lastKnownFileType = file.sks; name = MagicParticle.sks; path = HomeworkGame/MagicParticle.sks; sourceTree = SOURCE_ROOT; };
		B06E60D7296447380083471C /* FlorParticle.sks */ = {isa = PBXFileReference; lastKnownFileType = file.sks; path = FlorParticle.sks; sourceTree = "<group>"; };
		B0FDFAD829622FDF0093E1EE /* SkyParticle.sks */ = {isa = PBXFileReference; lastKnownFileType = file.sks; path = SkyParticle.sks; sourceTree = "<group>"; };
/* End PBXFileReference section */

/* Begin PBXFrameworksBuildPhase section */
		B03E9F242960B2B400D4EA03 /* Frameworks */ = {
			isa = PBXFrameworksBuildPhase;
			buildActionMask = 2147483647;
			files = (
			);
			runOnlyForDeploymentPostprocessing = 0;
		};
/* End PBXFrameworksBuildPhase section */

/* Begin PBXGroup section */
		B03E9F1E2960B2B400D4EA03 = {
			isa = PBXGroup;
			children = (
				B06E60C5296424240083471C /* Assets.xcassets */,
				B03E9F292960B2B400D4EA03 /* HomeworkGame */,
				B03E9F282960B2B400D4EA03 /* Products */,
			);
			sourceTree = "<group>";
		};
		B03E9F282960B2B400D4EA03 /* Products */ = {
			isa = PBXGroup;
			children = (
				B03E9F272960B2B400D4EA03 /* HomeworkGame.app */,
			);
			name = Products;
			sourceTree = "<group>";
		};
		B03E9F292960B2B400D4EA03 /* HomeworkGame */ = {
			isa = PBXGroup;
			children = (
				B06E60CA296425D60083471C /* Particle */,
				B03E9F2A2960B2B400D4EA03 /* AppDelegate.swift */,
				B03E9F2C2960B2B400D4EA03 /* SceneDelegate.swift */,
				B03E9F2E2960B2B400D4EA03 /* GameVC.swift */,
				B04B07402962142100528170 /* GameScene.swift */,
				B051A9BF2963DA360071FB6E /* CustomScene.swift */,
				B051A9BD2963D9ED0071FB6E /* CustomNode.swift */,
				B051A9C12963F1030071FB6E /* NodeCreatingManager.swift */,
				B03E9F332960B2B600D4EA03 /* Assets.xcassets */,
				B03E9F352960B2B600D4EA03 /* LaunchScreen.storyboard */,
				B03E9F382960B2B600D4EA03 /* Info.plist */,
			);
			path = HomeworkGame;
			sourceTree = "<group>";
		};
		B06E60CA296425D60083471C /* Particle */ = {
			isa = PBXGroup;
			children = (
				B06E60D129642B550083471C /* MagicParticle.sks */,
				B0FDFAD829622FDF0093E1EE /* SkyParticle.sks */,
				B06E60D7296447380083471C /* FlorParticle.sks */,
				B051A9BB29624F350071FB6E /* FireParticle.sks */,
				B06E60C4296424240083471C /* RedBullParticle.sks */,
				B06E60CC2964260D0083471C /* Assets.xcassets */,
			);
			path = Particle;
			sourceTree = "<group>";
		};
/* End PBXGroup section */

/* Begin PBXNativeTarget section */
		B03E9F262960B2B400D4EA03 /* HomeworkGame */ = {
			isa = PBXNativeTarget;
			buildConfigurationList = B03E9F3B2960B2B600D4EA03 /* Build configuration list for PBXNativeTarget "HomeworkGame" */;
			buildPhases = (
				B03E9F232960B2B400D4EA03 /* Sources */,
				B03E9F242960B2B400D4EA03 /* Frameworks */,
				B03E9F252960B2B400D4EA03 /* Resources */,
			);
			buildRules = (
			);
			dependencies = (
			);
			name = HomeworkGame;
			productName = HomeworkGame;
			productReference = B03E9F272960B2B400D4EA03 /* HomeworkGame.app */;
			productType = "com.apple.product-type.application";
		};
/* End PBXNativeTarget section */

/* Begin PBXProject section */
		B03E9F1F2960B2B400D4EA03 /* Project object */ = {
			isa = PBXProject;
			attributes = {
				BuildIndependentTargetsInParallel = 1;
				LastSwiftUpdateCheck = 1410;
				LastUpgradeCheck = 1410;
				TargetAttributes = {
					B03E9F262960B2B400D4EA03 = {
						CreatedOnToolsVersion = 14.1;
					};
				};
			};
			buildConfigurationList = B03E9F222960B2B400D4EA03 /* Build configuration list for PBXProject "HomeworkGame" */;
			compatibilityVersion = "Xcode 14.0";
			developmentRegion = en;
			hasScannedForEncodings = 0;
			knownRegions = (
				en,
				Base,
			);
			mainGroup = B03E9F1E2960B2B400D4EA03;
			productRefGroup = B03E9F282960B2B400D4EA03 /* Products */;
			projectDirPath = "";
			projectRoot = "";
			targets = (
				B03E9F262960B2B400D4EA03 /* HomeworkGame */,
			);
		};
/* End PBXProject section */

/* Begin PBXResourcesBuildPhase section */
		B03E9F252960B2B400D4EA03 /* Resources */ = {
			isa = PBXResourcesBuildPhase;
			buildActionMask = 2147483647;
			files = (
				B06E60C6296424240083471C /* RedBullParticle.sks in Resources */,
				B03E9F372960B2B600D4EA03 /* LaunchScreen.storyboard in Resources */,
				B051A9BC29624F350071FB6E /* FireParticle.sks in Resources */,
				B0FDFAD929622FDF0093E1EE /* SkyParticle.sks in Resources */,
				B06E60D8296447380083471C /* FlorParticle.sks in Resources */,
				B06E60C7296424240083471C /* Assets.xcassets in Resources */,
				B06E60D229642B550083471C /* MagicParticle.sks in Resources */,
				B03E9F342960B2B600D4EA03 /* Assets.xcassets in Resources */,
				B06E60CE2964260D0083471C /* Assets.xcassets in Resources */,
			);
			runOnlyForDeploymentPostprocessing = 0;
		};
/* End PBXResourcesBuildPhase section */

/* Begin PBXSourcesBuildPhase section */
		B03E9F232960B2B400D4EA03 /* Sources */ = {
			isa = PBXSourcesBuildPhase;
			buildActionMask = 2147483647;
			files = (
				B051A9BE2963D9ED0071FB6E /* CustomNode.swift in Sources */,
				B03E9F2F2960B2B400D4EA03 /* GameVC.swift in Sources */,
				B051A9C22963F1030071FB6E /* NodeCreatingManager.swift in Sources */,
				B04B07412962142100528170 /* GameScene.swift in Sources */,
				B03E9F2B2960B2B400D4EA03 /* AppDelegate.swift in Sources */,
				B051A9C02963DA360071FB6E /* CustomScene.swift in Sources */,
				B03E9F2D2960B2B400D4EA03 /* SceneDelegate.swift in Sources */,
			);
			runOnlyForDeploymentPostprocessing = 0;
		};
/* End PBXSourcesBuildPhase section */

/* Begin PBXVariantGroup section */
		B03E9F352960B2B600D4EA03 /* LaunchScreen.storyboard */ = {
			isa = PBXVariantGroup;
			children = (
				B03E9F362960B2B600D4EA03 /* Base */,
			);
			name = LaunchScreen.storyboard;
			sourceTree = "<group>";
		};
/* End PBXVariantGroup section */

/* Begin XCBuildConfiguration section */
		B03E9F392960B2B600D4EA03 /* Debug */ = {
			isa = XCBuildConfiguration;
			buildSettings = {
				ALWAYS_SEARCH_USER_PATHS = NO;
				CLANG_ANALYZER_NONNULL = YES;
				CLANG_ANALYZER_NUMBER_OBJECT_CONVERSION = YES_AGGRESSIVE;
				CLANG_CXX_LANGUAGE_STANDARD = "gnu++20";
				CLANG_ENABLE_MODULES = YES;
				CLANG_ENABLE_OBJC_ARC = YES;
				CLANG_ENABLE_OBJC_WEAK = YES;
				CLANG_WARN_BLOCK_CAPTURE_AUTORELEASING = YES;
				CLANG_WARN_BOOL_CONVERSION = YES;
				CLANG_WARN_COMMA = YES;
				CLANG_WARN_CONSTANT_CONVERSION = YES;
				CLANG_WARN_DEPRECATED_OBJC_IMPLEMENTATIONS = YES;
				CLANG_WARN_DIRECT_OBJC_ISA_USAGE = YES_ERROR;
				CLANG_WARN_DOCUMENTATION_COMMENTS = YES;
				CLANG_WARN_EMPTY_BODY = YES;
				CLANG_WARN_ENUM_CONVERSION = YES;
				CLANG_WARN_INFINITE_RECURSION = YES;
				CLANG_WARN_INT_CONVERSION = YES;
				CLANG_WARN_NON_LITERAL_NULL_CONVERSION = YES;
				CLANG_WARN_OBJC_IMPLICIT_RETAIN_SELF = YES;
				CLANG_WARN_OBJC_LITERAL_CONVERSION = YES;
				CLANG_WARN_OBJC_ROOT_CLASS = YES_ERROR;
				CLANG_WARN_QUOTED_INCLUDE_IN_FRAMEWORK_HEADER = YES;
				CLANG_WARN_RANGE_LOOP_ANALYSIS = YES;
				CLANG_WARN_STRICT_PROTOTYPES = YES;
				CLANG_WARN_SUSPICIOUS_MOVE = YES;
				CLANG_WARN_UNGUARDED_AVAILABILITY = YES_AGGRESSIVE;
				CLANG_WARN_UNREACHABLE_CODE = YES;
				CLANG_WARN__DUPLICATE_METHOD_MATCH = YES;
				COPY_PHASE_STRIP = NO;
				DEBUG_INFORMATION_FORMAT = dwarf;
				ENABLE_STRICT_OBJC_MSGSEND = YES;
				ENABLE_TESTABILITY = YES;
				GCC_C_LANGUAGE_STANDARD = gnu11;
				GCC_DYNAMIC_NO_PIC = NO;
				GCC_NO_COMMON_BLOCKS = YES;
				GCC_OPTIMIZATION_LEVEL = 0;
				GCC_PREPROCESSOR_DEFINITIONS = (
					"DEBUG=1",
					"$(inherited)",
				);
				GCC_WARN_64_TO_32_BIT_CONVERSION = YES;
				GCC_WARN_ABOUT_RETURN_TYPE = YES_ERROR;
				GCC_WARN_UNDECLARED_SELECTOR = YES;
				GCC_WARN_UNINITIALIZED_AUTOS = YES_AGGRESSIVE;
				GCC_WARN_UNUSED_FUNCTION = YES;
				GCC_WARN_UNUSED_VARIABLE = YES;
				IPHONEOS_DEPLOYMENT_TARGET = 16.1;
				MTL_ENABLE_DEBUG_INFO = INCLUDE_SOURCE;
				MTL_FAST_MATH = YES;
				ONLY_ACTIVE_ARCH = YES;
				SDKROOT = iphoneos;
				SWIFT_ACTIVE_COMPILATION_CONDITIONS = DEBUG;
				SWIFT_OPTIMIZATION_LEVEL = "-Onone";
			};
			name = Debug;
		};
		B03E9F3A2960B2B600D4EA03 /* Release */ = {
			isa = XCBuildConfiguration;
			buildSettings = {
				ALWAYS_SEARCH_USER_PATHS = NO;
				CLANG_ANALYZER_NONNULL = YES;
				CLANG_ANALYZER_NUMBER_OBJECT_CONVERSION = YES_AGGRESSIVE;
				CLANG_CXX_LANGUAGE_STANDARD = "gnu++20";
				CLANG_ENABLE_MODULES = YES;
				CLANG_ENABLE_OBJC_ARC = YES;
				CLANG_ENABLE_OBJC_WEAK = YES;
				CLANG_WARN_BLOCK_CAPTURE_AUTORELEASING = YES;
				CLANG_WARN_BOOL_CONVERSION = YES;
				CLANG_WARN_COMMA = YES;
				CLANG_WARN_CONSTANT_CONVERSION = YES;
				CLANG_WARN_DEPRECATED_OBJC_IMPLEMENTATIONS = YES;
				CLANG_WARN_DIRECT_OBJC_ISA_USAGE = YES_ERROR;
				CLANG_WARN_DOCUMENTATION_COMMENTS = YES;
				CLANG_WARN_EMPTY_BODY = YES;
				CLANG_WARN_ENUM_CONVERSION = YES;
				CLANG_WARN_INFINITE_RECURSION = YES;
				CLANG_WARN_INT_CONVERSION = YES;
				CLANG_WARN_NON_LITERAL_NULL_CONVERSION = YES;
				CLANG_WARN_OBJC_IMPLICIT_RETAIN_SELF = YES;
				CLANG_WARN_OBJC_LITERAL_CONVERSION = YES;
				CLANG_WARN_OBJC_ROOT_CLASS = YES_ERROR;
				CLANG_WARN_QUOTED_INCLUDE_IN_FRAMEWORK_HEADER = YES;
				CLANG_WARN_RANGE_LOOP_ANALYSIS = YES;
				CLANG_WARN_STRICT_PROTOTYPES = YES;
				CLANG_WARN_SUSPICIOUS_MOVE = YES;
				CLANG_WARN_UNGUARDED_AVAILABILITY = YES_AGGRESSIVE;
				CLANG_WARN_UNREACHABLE_CODE = YES;
				CLANG_WARN__DUPLICATE_METHOD_MATCH = YES;
				COPY_PHASE_STRIP = NO;
				DEBUG_INFORMATION_FORMAT = "dwarf-with-dsym";
				ENABLE_NS_ASSERTIONS = NO;
				ENABLE_STRICT_OBJC_MSGSEND = YES;
				GCC_C_LANGUAGE_STANDARD = gnu11;
				GCC_NO_COMMON_BLOCKS = YES;
				GCC_WARN_64_TO_32_BIT_CONVERSION = YES;
				GCC_WARN_ABOUT_RETURN_TYPE = YES_ERROR;
				GCC_WARN_UNDECLARED_SELECTOR = YES;
				GCC_WARN_UNINITIALIZED_AUTOS = YES_AGGRESSIVE;
				GCC_WARN_UNUSED_FUNCTION = YES;
				GCC_WARN_UNUSED_VARIABLE = YES;
				IPHONEOS_DEPLOYMENT_TARGET = 16.1;
				MTL_ENABLE_DEBUG_INFO = NO;
				MTL_FAST_MATH = YES;
				SDKROOT = iphoneos;
				SWIFT_COMPILATION_MODE = wholemodule;
				SWIFT_OPTIMIZATION_LEVEL = "-O";
				VALIDATE_PRODUCT = YES;
			};
			name = Release;
		};
		B03E9F3C2960B2B600D4EA03 /* Debug */ = {
			isa = XCBuildConfiguration;
			buildSettings = {
				ASSETCATALOG_COMPILER_APPICON_NAME = AppIcon;
				ASSETCATALOG_COMPILER_GLOBAL_ACCENT_COLOR_NAME = AccentColor;
				CODE_SIGN_STYLE = Automatic;
				CURRENT_PROJECT_VERSION = 1;
				DEVELOPMENT_TEAM = K76VZ7SA7Z;
				GENERATE_INFOPLIST_FILE = YES;
				INFOPLIST_FILE = HomeworkGame/Info.plist;
				INFOPLIST_KEY_UIApplicationSupportsIndirectInputEvents = YES;
				INFOPLIST_KEY_UILaunchStoryboardName = LaunchScreen;
				INFOPLIST_KEY_UISupportedInterfaceOrientations_iPad = "UIInterfaceOrientationPortrait UIInterfaceOrientationPortraitUpsideDown UIInterfaceOrientationLandscapeLeft UIInterfaceOrientationLandscapeRight";
				INFOPLIST_KEY_UISupportedInterfaceOrientations_iPhone = "UIInterfaceOrientationPortrait UIInterfaceOrientationLandscapeLeft UIInterfaceOrientationLandscapeRight";
				LD_RUNPATH_SEARCH_PATHS = (
					"$(inherited)",
					"@executable_path/Frameworks",
				);
				MARKETING_VERSION = 1.0;
				PRODUCT_BUNDLE_IDENTIFIER = AlexHor.HomeworkGame;
				PRODUCT_NAME = "$(TARGET_NAME)";
				SWIFT_EMIT_LOC_STRINGS = YES;
				SWIFT_VERSION = 5.0;
				TARGETED_DEVICE_FAMILY = "1,2";
			};
			name = Debug;
		};
		B03E9F3D2960B2B600D4EA03 /* Release */ = {
			isa = XCBuildConfiguration;
			buildSettings = {
				ASSETCATALOG_COMPILER_APPICON_NAME = AppIcon;
				ASSETCATALOG_COMPILER_GLOBAL_ACCENT_COLOR_NAME = AccentColor;
				CODE_SIGN_STYLE = Automatic;
				CURRENT_PROJECT_VERSION = 1;
				DEVELOPMENT_TEAM = K76VZ7SA7Z;
				GENERATE_INFOPLIST_FILE = YES;
				INFOPLIST_FILE = HomeworkGame/Info.plist;
				INFOPLIST_KEY_UIApplicationSupportsIndirectInputEvents = YES;
				INFOPLIST_KEY_UILaunchStoryboardName = LaunchScreen;
				INFOPLIST_KEY_UISupportedInterfaceOrientations_iPad = "UIInterfaceOrientationPortrait UIInterfaceOrientationPortraitUpsideDown UIInterfaceOrientationLandscapeLeft UIInterfaceOrientationLandscapeRight";
				INFOPLIST_KEY_UISupportedInterfaceOrientations_iPhone = "UIInterfaceOrientationPortrait UIInterfaceOrientationLandscapeLeft UIInterfaceOrientationLandscapeRight";
				LD_RUNPATH_SEARCH_PATHS = (
					"$(inherited)",
					"@executable_path/Frameworks",
				);
				MARKETING_VERSION = 1.0;
				PRODUCT_BUNDLE_IDENTIFIER = AlexHor.HomeworkGame;
				PRODUCT_NAME = "$(TARGET_NAME)";
				SWIFT_EMIT_LOC_STRINGS = YES;
				SWIFT_VERSION = 5.0;
				TARGETED_DEVICE_FAMILY = "1,2";
			};
			name = Release;
		};
/* End XCBuildConfiguration section */

/* Begin XCConfigurationList section */
		B03E9F222960B2B400D4EA03 /* Build configuration list for PBXProject "HomeworkGame" */ = {
			isa = XCConfigurationList;
			buildConfigurations = (
				B03E9F392960B2B600D4EA03 /* Debug */,
				B03E9F3A2960B2B600D4EA03 /* Release */,
			);
			defaultConfigurationIsVisible = 0;
			defaultConfigurationName = Release;
		};
		B03E9F3B2960B2B600D4EA03 /* Build configuration list for PBXNativeTarget "HomeworkGame" */ = {
			isa = XCConfigurationList;
			buildConfigurations = (
				B03E9F3C2960B2B600D4EA03 /* Debug */,
				B03E9F3D2960B2B600D4EA03 /* Release */,
			);
			defaultConfigurationIsVisible = 0;
			defaultConfigurationName = Release;
		};
/* End XCConfigurationList section */
	};
	rootObject = B03E9F1F2960B2B400D4EA03 /* Project object */;
}
